// !$*UTF8*$!
{
	archiveVersion = 1;
	classes = {
	};
	objectVersion = 77;
	objects = {

/* Begin PBXContainerItemProxy section */
		39E15B822CDA0A85004A7236 /* PBXContainerItemProxy */ = {
			isa = PBXContainerItemProxy;
			containerPortal = 39E15B692CDA0A81004A7236 /* Project object */;
			proxyType = 1;
			remoteGlobalIDString = 39E15B702CDA0A81004A7236;
			remoteInfo = AisleApp;
		};
		39E15B8C2CDA0A85004A7236 /* PBXContainerItemProxy */ = {
			isa = PBXContainerItemProxy;
			containerPortal = 39E15B692CDA0A81004A7236 /* Project object */;
			proxyType = 1;
			remoteGlobalIDString = 39E15B702CDA0A81004A7236;
			remoteInfo = AisleApp;
		};
/* End PBXContainerItemProxy section */

/* Begin PBXFileReference section */
		39E15B712CDA0A81004A7236 /* AisleApp.app */ = {isa = PBXFileReference; explicitFileType = wrapper.application; includeInIndex = 0; path = AisleApp.app; sourceTree = BUILT_PRODUCTS_DIR; };
		39E15B812CDA0A85004A7236 /* AisleAppTests.xctest */ = {isa = PBXFileReference; explicitFileType = wrapper.cfbundle; includeInIndex = 0; path = AisleAppTests.xctest; sourceTree = BUILT_PRODUCTS_DIR; };
		39E15B8B2CDA0A85004A7236 /* AisleAppUITests.xctest */ = {isa = PBXFileReference; explicitFileType = wrapper.cfbundle; includeInIndex = 0; path = AisleAppUITests.xctest; sourceTree = BUILT_PRODUCTS_DIR; };
/* End PBXFileReference section */

/* Begin PBXFileSystemSynchronizedRootGroup section */
		39E15B732CDA0A81004A7236 /* AisleApp */ = {
			isa = PBXFileSystemSynchronizedRootGroup;
			path = AisleApp;
			sourceTree = "<group>";
		};
		39E15B842CDA0A85004A7236 /* AisleAppTests */ = {
			isa = PBXFileSystemSynchronizedRootGroup;
			path = AisleAppTests;
			sourceTree = "<group>";
		};
		39E15B8E2CDA0A85004A7236 /* AisleAppUITests */ = {
			isa = PBXFileSystemSynchronizedRootGroup;
			path = AisleAppUITests;
			sourceTree = "<group>";
		};
/* End PBXFileSystemSynchronizedRootGroup section */

/* Begin PBXFrameworksBuildPhase section */
		39E15B6E2CDA0A81004A7236 /* Frameworks */ = {
			isa = PBXFrameworksBuildPhase;
			buildActionMask = 2147483647;
			files = (
			);
			runOnlyForDeploymentPostprocessing = 0;
		};
		39E15B7E2CDA0A85004A7236 /* Frameworks */ = {
			isa = PBXFrameworksBuildPhase;
			buildActionMask = 2147483647;
			files = (
			);
			runOnlyForDeploymentPostprocessing = 0;
		};
		39E15B882CDA0A85004A7236 /* Frameworks */ = {
			isa = PBXFrameworksBuildPhase;
			buildActionMask = 2147483647;
			files = (
			);
			runOnlyForDeploymentPostprocessing = 0;
		};
/* End PBXFrameworksBuildPhase section */

/* Begin PBXGroup section */
		39E15B682CDA0A81004A7236 = {
			isa = PBXGroup;
			children = (
				39E15B732CDA0A81004A7236 /* AisleApp */,
				39E15B842CDA0A85004A7236 /* AisleAppTests */,
				39E15B8E2CDA0A85004A7236 /* AisleAppUITests */,
				39E15B722CDA0A81004A7236 /* Products */,
			);
			sourceTree = "<group>";
		};
		39E15B722CDA0A81004A7236 /* Products */ = {
			isa = PBXGroup;
			children = (
				39E15B712CDA0A81004A7236 /* AisleApp.app */,
				39E15B812CDA0A85004A7236 /* AisleAppTests.xctest */,
				39E15B8B2CDA0A85004A7236 /* AisleAppUITests.xctest */,
			);
			name = Products;
			sourceTree = "<group>";
		};
/* End PBXGroup section */

/* Begin PBXNativeTarget section */
		39E15B702CDA0A81004A7236 /* AisleApp */ = {
			isa = PBXNativeTarget;
			buildConfigurationList = 39E15B952CDA0A85004A7236 /* Build configuration list for PBXNativeTarget "AisleApp" */;
			buildPhases = (
				39E15B6D2CDA0A81004A7236 /* Sources */,
				39E15B6E2CDA0A81004A7236 /* Frameworks */,
				39E15B6F2CDA0A81004A7236 /* Resources */,
			);
			buildRules = (
			);
			dependencies = (
			);
			fileSystemSynchronizedGroups = (
				39E15B732CDA0A81004A7236 /* AisleApp */,
			);
			name = AisleApp;
			packageProductDependencies = (
			);
			productName = AisleApp;
			productReference = 39E15B712CDA0A81004A7236 /* AisleApp.app */;
			productType = "com.apple.product-type.application";
		};
		39E15B802CDA0A85004A7236 /* AisleAppTests */ = {
			isa = PBXNativeTarget;
			buildConfigurationList = 39E15B982CDA0A85004A7236 /* Build configuration list for PBXNativeTarget "AisleAppTests" */;
			buildPhases = (
				39E15B7D2CDA0A85004A7236 /* Sources */,
				39E15B7E2CDA0A85004A7236 /* Frameworks */,
				39E15B7F2CDA0A85004A7236 /* Resources */,
			);
			buildRules = (
			);
			dependencies = (
				39E15B832CDA0A85004A7236 /* PBXTargetDependency */,
			);
			fileSystemSynchronizedGroups = (
				39E15B842CDA0A85004A7236 /* AisleAppTests */,
			);
			name = AisleAppTests;
			packageProductDependencies = (
			);
			productName = AisleAppTests;
			productReference = 39E15B812CDA0A85004A7236 /* AisleAppTests.xctest */;
			productType = "com.apple.product-type.bundle.unit-test";
		};
		39E15B8A2CDA0A85004A7236 /* AisleAppUITests */ = {
			isa = PBXNativeTarget;
			buildConfigurationList = 39E15B9B2CDA0A85004A7236 /* Build configuration list for PBXNativeTarget "AisleAppUITests" */;
			buildPhases = (
				39E15B872CDA0A85004A7236 /* Sources */,
				39E15B882CDA0A85004A7236 /* Frameworks */,
				39E15B892CDA0A85004A7236 /* Resources */,
			);
			buildRules = (
			);
			dependencies = (
				39E15B8D2CDA0A85004A7236 /* PBXTargetDependency */,
			);
			fileSystemSynchronizedGroups = (
				39E15B8E2CDA0A85004A7236 /* AisleAppUITests */,
			);
			name = AisleAppUITests;
			packageProductDependencies = (
			);
			productName = AisleAppUITests;
			productReference = 39E15B8B2CDA0A85004A7236 /* AisleAppUITests.xctest */;
			productType = "com.apple.product-type.bundle.ui-testing";
		};
/* End PBXNativeTarget section */

/* Begin PBXProject section */
		39E15B692CDA0A81004A7236 /* Project object */ = {
			isa = PBXProject;
			attributes = {
				BuildIndependentTargetsInParallel = 1;
				LastSwiftUpdateCheck = 1610;
				LastUpgradeCheck = 1610;
				TargetAttributes = {
					39E15B702CDA0A81004A7236 = {
						CreatedOnToolsVersion = 16.1;
					};
					39E15B802CDA0A85004A7236 = {
						CreatedOnToolsVersion = 16.1;
						TestTargetID = 39E15B702CDA0A81004A7236;
					};
					39E15B8A2CDA0A85004A7236 = {
						CreatedOnToolsVersion = 16.1;
						TestTargetID = 39E15B702CDA0A81004A7236;
					};
				};
			};
			buildConfigurationList = 39E15B6C2CDA0A81004A7236 /* Build configuration list for PBXProject "AisleApp" */;
			developmentRegion = en;
			hasScannedForEncodings = 0;
			knownRegions = (
				en,
				Base,
			);
			mainGroup = 39E15B682CDA0A81004A7236;
			minimizedProjectReferenceProxies = 1;
			preferredProjectObjectVersion = 77;
			productRefGroup = 39E15B722CDA0A81004A7236 /* Products */;
			projectDirPath = "";
			projectRoot = "";
			targets = (
				39E15B702CDA0A81004A7236 /* AisleApp */,
				39E15B802CDA0A85004A7236 /* AisleAppTests */,
				39E15B8A2CDA0A85004A7236 /* AisleAppUITests */,
			);
		};
/* End PBXProject section */

/* Begin PBXResourcesBuildPhase section */
		39E15B6F2CDA0A81004A7236 /* Resources */ = {
			isa = PBXResourcesBuildPhase;
			buildActionMask = 2147483647;
			files = (
			);
			runOnlyForDeploymentPostprocessing = 0;
		};
		39E15B7F2CDA0A85004A7236 /* Resources */ = {
			isa = PBXResourcesBuildPhase;
			buildActionMask = 2147483647;
			files = (
			);
			runOnlyForDeploymentPostprocessing = 0;
		};
		39E15B892CDA0A85004A7236 /* Resources */ = {
			isa = PBXResourcesBuildPhase;
			buildActionMask = 2147483647;
			files = (
			);
			runOnlyForDeploymentPostprocessing = 0;
		};
/* End PBXResourcesBuildPhase section */

/* Begin PBXSourcesBuildPhase section */
		39E15B6D2CDA0A81004A7236 /* Sources */ = {
			isa = PBXSourcesBuildPhase;
			buildActionMask = 2147483647;
			files = (
			);
			runOnlyForDeploymentPostprocessing = 0;
		};
		39E15B7D2CDA0A85004A7236 /* Sources */ = {
			isa = PBXSourcesBuildPhase;
			buildActionMask = 2147483647;
			files = (
			);
			runOnlyForDeploymentPostprocessing = 0;
		};
		39E15B872CDA0A85004A7236 /* Sources */ = {
			isa = PBXSourcesBuildPhase;
			buildActionMask = 2147483647;
			files = (
			);
			runOnlyForDeploymentPostprocessing = 0;
		};
/* End PBXSourcesBuildPhase section */

/* Begin PBXTargetDependency section */
		39E15B832CDA0A85004A7236 /* PBXTargetDependency */ = {
			isa = PBXTargetDependency;
			target = 39E15B702CDA0A81004A7236 /* AisleApp */;
			targetProxy = 39E15B822CDA0A85004A7236 /* PBXContainerItemProxy */;
		};
		39E15B8D2CDA0A85004A7236 /* PBXTargetDependency */ = {
			isa = PBXTargetDependency;
			target = 39E15B702CDA0A81004A7236 /* AisleApp */;
			targetProxy = 39E15B8C2CDA0A85004A7236 /* PBXContainerItemProxy */;
		};
/* End PBXTargetDependency section */

/* Begin XCBuildConfiguration section */
		39E15B932CDA0A85004A7236 /* Debug */ = {
			isa = XCBuildConfiguration;
			buildSettings = {
				ALWAYS_SEARCH_USER_PATHS = NO;
				ASSETCATALOG_COMPILER_GENERATE_SWIFT_ASSET_SYMBOL_EXTENSIONS = YES;
				CLANG_ANALYZER_NONNULL = YES;
				CLANG_ANALYZER_NUMBER_OBJECT_CONVERSION = YES_AGGRESSIVE;
				CLANG_CXX_LANGUAGE_STANDARD = "gnu++20";
				CLANG_ENABLE_MODULES = YES;
				CLANG_ENABLE_OBJC_ARC = YES;
				CLANG_ENABLE_OBJC_WEAK = YES;
				CLANG_WARN_BLOCK_CAPTURE_AUTORELEASING = YES;
				CLANG_WARN_BOOL_CONVERSION = YES;
				CLANG_WARN_COMMA = YES;
				CLANG_WARN_CONSTANT_CONVERSION = YES;
				CLANG_WARN_DEPRECATED_OBJC_IMPLEMENTATIONS = YES;
				CLANG_WARN_DIRECT_OBJC_ISA_USAGE = YES_ERROR;
				CLANG_WARN_DOCUMENTATION_COMMENTS = YES;
				CLANG_WARN_EMPTY_BODY = YES;
				CLANG_WARN_ENUM_CONVERSION = YES;
				CLANG_WARN_INFINITE_RECURSION = YES;
				CLANG_WARN_INT_CONVERSION = YES;
				CLANG_WARN_NON_LITERAL_NULL_CONVERSION = YES;
				CLANG_WARN_OBJC_IMPLICIT_RETAIN_SELF = YES;
				CLANG_WARN_OBJC_LITERAL_CONVERSION = YES;
				CLANG_WARN_OBJC_ROOT_CLASS = YES_ERROR;
				CLANG_WARN_QUOTED_INCLUDE_IN_FRAMEWORK_HEADER = YES;
				CLANG_WARN_RANGE_LOOP_ANALYSIS = YES;
				CLANG_WARN_STRICT_PROTOTYPES = YES;
				CLANG_WARN_SUSPICIOUS_MOVE = YES;
				CLANG_WARN_UNGUARDED_AVAILABILITY = YES_AGGRESSIVE;
				CLANG_WARN_UNREACHABLE_CODE = YES;
				CLANG_WARN__DUPLICATE_METHOD_MATCH = YES;
				COPY_PHASE_STRIP = NO;
				DEBUG_INFORMATION_FORMAT = dwarf;
				ENABLE_STRICT_OBJC_MSGSEND = YES;
				ENABLE_TESTABILITY = YES;
				ENABLE_USER_SCRIPT_SANDBOXING = YES;
				GCC_C_LANGUAGE_STANDARD = gnu17;
				GCC_DYNAMIC_NO_PIC = NO;
				GCC_NO_COMMON_BLOCKS = YES;
				GCC_OPTIMIZATION_LEVEL = 0;
				GCC_PREPROCESSOR_DEFINITIONS = (
					"DEBUG=1",
					"$(inherited)",
				);
				GCC_WARN_64_TO_32_BIT_CONVERSION = YES;
				GCC_WARN_ABOUT_RETURN_TYPE = YES_ERROR;
				GCC_WARN_UNDECLARED_SELECTOR = YES;
				GCC_WARN_UNINITIALIZED_AUTOS = YES_AGGRESSIVE;
				GCC_WARN_UNUSED_FUNCTION = YES;
				GCC_WARN_UNUSED_VARIABLE = YES;
				IPHONEOS_DEPLOYMENT_TARGET = 18.1;
				LOCALIZATION_PREFERS_STRING_CATALOGS = YES;
				MTL_ENABLE_DEBUG_INFO = INCLUDE_SOURCE;
				MTL_FAST_MATH = YES;
				ONLY_ACTIVE_ARCH = YES;
				SDKROOT = iphoneos;
				SWIFT_ACTIVE_COMPILATION_CONDITIONS = "DEBUG $(inherited)";
				SWIFT_OPTIMIZATION_LEVEL = "-Onone";
			};
			name = Debug;
		};
		39E15B942CDA0A85004A7236 /* Release */ = {
			isa = XCBuildConfiguration;
			buildSettings = {
				ALWAYS_SEARCH_USER_PATHS = NO;
				ASSETCATALOG_COMPILER_GENERATE_SWIFT_ASSET_SYMBOL_EXTENSIONS = YES;
				CLANG_ANALYZER_NONNULL = YES;
				CLANG_ANALYZER_NUMBER_OBJECT_CONVERSION = YES_AGGRESSIVE;
				CLANG_CXX_LANGUAGE_STANDARD = "gnu++20";
				CLANG_ENABLE_MODULES = YES;
				CLANG_ENABLE_OBJC_ARC = YES;
				CLANG_ENABLE_OBJC_WEAK = YES;
				CLANG_WARN_BLOCK_CAPTURE_AUTORELEASING = YES;
				CLANG_WARN_BOOL_CONVERSION = YES;
				CLANG_WARN_COMMA = YES;
				CLANG_WARN_CONSTANT_CONVERSION = YES;
				CLANG_WARN_DEPRECATED_OBJC_IMPLEMENTATIONS = YES;
				CLANG_WARN_DIRECT_OBJC_ISA_USAGE = YES_ERROR;
				CLANG_WARN_DOCUMENTATION_COMMENTS = YES;
				CLANG_WARN_EMPTY_BODY = YES;
				CLANG_WARN_ENUM_CONVERSION = YES;
				CLANG_WARN_INFINITE_RECURSION = YES;
				CLANG_WARN_INT_CONVERSION = YES;
				CLANG_WARN_NON_LITERAL_NULL_CONVERSION = YES;
				CLANG_WARN_OBJC_IMPLICIT_RETAIN_SELF = YES;
				CLANG_WARN_OBJC_LITERAL_CONVERSION = YES;
				CLANG_WARN_OBJC_ROOT_CLASS = YES_ERROR;
				CLANG_WARN_QUOTED_INCLUDE_IN_FRAMEWORK_HEADER = YES;
				CLANG_WARN_RANGE_LOOP_ANALYSIS = YES;
				CLANG_WARN_STRICT_PROTOTYPES = YES;
				CLANG_WARN_SUSPICIOUS_MOVE = YES;
				CLANG_WARN_UNGUARDED_AVAILABILITY = YES_AGGRESSIVE;
				CLANG_WARN_UNREACHABLE_CODE = YES;
				CLANG_WARN__DUPLICATE_METHOD_MATCH = YES;
				COPY_PHASE_STRIP = NO;
				DEBUG_INFORMATION_FORMAT = "dwarf-with-dsym";
				ENABLE_NS_ASSERTIONS = NO;
				ENABLE_STRICT_OBJC_MSGSEND = YES;
				ENABLE_USER_SCRIPT_SANDBOXING = YES;
				GCC_C_LANGUAGE_STANDARD = gnu17;
				GCC_NO_COMMON_BLOCKS = YES;
				GCC_WARN_64_TO_32_BIT_CONVERSION = YES;
				GCC_WARN_ABOUT_RETURN_TYPE = YES_ERROR;
				GCC_WARN_UNDECLARED_SELECTOR = YES;
				GCC_WARN_UNINITIALIZED_AUTOS = YES_AGGRESSIVE;
				GCC_WARN_UNUSED_FUNCTION = YES;
				GCC_WARN_UNUSED_VARIABLE = YES;
				IPHONEOS_DEPLOYMENT_TARGET = 18.1;
				LOCALIZATION_PREFERS_STRING_CATALOGS = YES;
				MTL_ENABLE_DEBUG_INFO = NO;
				MTL_FAST_MATH = YES;
				SDKROOT = iphoneos;
				SWIFT_COMPILATION_MODE = wholemodule;
				VALIDATE_PRODUCT = YES;
			};
			name = Release;
		};
		39E15B962CDA0A85004A7236 /* Debug */ = {
			isa = XCBuildConfiguration;
			buildSettings = {
				ASSETCATALOG_COMPILER_APPICON_NAME = AppIcon;
				ASSETCATALOG_COMPILER_GLOBAL_ACCENT_COLOR_NAME = AccentColor;
				CODE_SIGN_STYLE = Automatic;
				CURRENT_PROJECT_VERSION = 1;
				DEVELOPMENT_ASSET_PATHS = "\"AisleApp/Preview Content\"";
				DEVELOPMENT_TEAM = H52PV9PJK8;
				ENABLE_PREVIEWS = YES;
				GENERATE_INFOPLIST_FILE = YES;
				INFOPLIST_KEY_UIApplicationSceneManifest_Generation = YES;
				INFOPLIST_KEY_UIApplicationSupportsIndirectInputEvents = YES;
				INFOPLIST_KEY_UILaunchScreen_Generation = YES;
				INFOPLIST_KEY_UISupportedInterfaceOrientations_iPad = "UIInterfaceOrientationPortrait UIInterfaceOrientationPortraitUpsideDown UIInterfaceOrientationLandscapeLeft UIInterfaceOrientationLandscapeRight";
				INFOPLIST_KEY_UISupportedInterfaceOrientations_iPhone = "UIInterfaceOrientationPortrait UIInterfaceOrientationLandscapeLeft UIInterfaceOrientationLandscapeRight";
				LD_RUNPATH_SEARCH_PATHS = (
					"$(inherited)",
					"@executable_path/Frameworks",
				);
				MARKETING_VERSION = 1.0;
				PRODUCT_BUNDLE_IDENTIFIER = com.Test.App.AisleApp;
				PRODUCT_NAME = "$(TARGET_NAME)";
				SWIFT_EMIT_LOC_STRINGS = YES;
				SWIFT_VERSION = 5.0;
				TARGETED_DEVICE_FAMILY = "1,2";
			};
			name = Debug;
		};
		39E15B972CDA0A85004A7236 /* Release */ = {
			isa = XCBuildConfiguration;
			buildSettings = {
				ASSETCATALOG_COMPILER_APPICON_NAME = AppIcon;
				ASSETCATALOG_COMPILER_GLOBAL_ACCENT_COLOR_NAME = AccentColor;
				CODE_SIGN_STYLE = Automatic;
				CURRENT_PROJECT_VERSION = 1;
				DEVELOPMENT_ASSET_PATHS = "\"AisleApp/Preview Content\"";
				DEVELOPMENT_TEAM = H52PV9PJK8;
				ENABLE_PREVIEWS = YES;
				GENERATE_INFOPLIST_FILE = YES;
				INFOPLIST_KEY_UIApplicationSceneManifest_Generation = YES;
				INFOPLIST_KEY_UIApplicationSupportsIndirectInputEvents = YES;
				INFOPLIST_KEY_UILaunchScreen_Generation = YES;
				INFOPLIST_KEY_UISupportedInterfaceOrientations_iPad = "UIInterfaceOrientationPortrait UIInterfaceOrientationPortraitUpsideDown UIInterfaceOrientationLandscapeLeft UIInterfaceOrientationLandscapeRight";
				INFOPLIST_KEY_UISupportedInterfaceOrientations_iPhone = "UIInterfaceOrientationPortrait UIInterfaceOrientationLandscapeLeft UIInterfaceOrientationLandscapeRight";
				LD_RUNPATH_SEARCH_PATHS = (
					"$(inherited)",
					"@executable_path/Frameworks",
				);
				MARKETING_VERSION = 1.0;
				PRODUCT_BUNDLE_IDENTIFIER = com.Test.App.AisleApp;
				PRODUCT_NAME = "$(TARGET_NAME)";
				SWIFT_EMIT_LOC_STRINGS = YES;
				SWIFT_VERSION = 5.0;
				TARGETED_DEVICE_FAMILY = "1,2";
			};
			name = Release;
		};
		39E15B992CDA0A85004A7236 /* Debug */ = {
			isa = XCBuildConfiguration;
			buildSettings = {
				BUNDLE_LOADER = "$(TEST_HOST)";
				CODE_SIGN_STYLE = Automatic;
				CURRENT_PROJECT_VERSION = 1;
				DEVELOPMENT_TEAM = H52PV9PJK8;
				GENERATE_INFOPLIST_FILE = YES;
				IPHONEOS_DEPLOYMENT_TARGET = 18.1;
				MARKETING_VERSION = 1.0;
				PRODUCT_BUNDLE_IDENTIFIER = com.Test.App.AisleAppTests;
				PRODUCT_NAME = "$(TARGET_NAME)";
				SWIFT_EMIT_LOC_STRINGS = NO;
				SWIFT_VERSION = 5.0;
				TARGETED_DEVICE_FAMILY = "1,2";
				TEST_HOST = "$(BUILT_PRODUCTS_DIR)/AisleApp.app/$(BUNDLE_EXECUTABLE_FOLDER_PATH)/AisleApp";
			};
			name = Debug;
		};
		39E15B9A2CDA0A85004A7236 /* Release */ = {
			isa = XCBuildConfiguration;
			buildSettings = {
				BUNDLE_LOADER = "$(TEST_HOST)";
				CODE_SIGN_STYLE = Automatic;
				CURRENT_PROJECT_VERSION = 1;
				DEVELOPMENT_TEAM = H52PV9PJK8;
				GENERATE_INFOPLIST_FILE = YES;
				IPHONEOS_DEPLOYMENT_TARGET = 18.1;
				MARKETING_VERSION = 1.0;
				PRODUCT_BUNDLE_IDENTIFIER = com.Test.App.AisleAppTests;
				PRODUCT_NAME = "$(TARGET_NAME)";
				SWIFT_EMIT_LOC_STRINGS = NO;
				SWIFT_VERSION = 5.0;
				TARGETED_DEVICE_FAMILY = "1,2";
				TEST_HOST = "$(BUILT_PRODUCTS_DIR)/AisleApp.app/$(BUNDLE_EXECUTABLE_FOLDER_PATH)/AisleApp";
			};
			name = Release;
		};
		39E15B9C2CDA0A85004A7236 /* Debug */ = {
			isa = XCBuildConfiguration;
			buildSettings = {
				CODE_SIGN_STYLE = Automatic;
				CURRENT_PROJECT_VERSION = 1;
				DEVELOPMENT_TEAM = H52PV9PJK8;
				GENERATE_INFOPLIST_FILE = YES;
				MARKETING_VERSION = 1.0;
				PRODUCT_BUNDLE_IDENTIFIER = com.Test.App.AisleAppUITests;
				PRODUCT_NAME = "$(TARGET_NAME)";
				SWIFT_EMIT_LOC_STRINGS = NO;
				SWIFT_VERSION = 5.0;
				TARGETED_DEVICE_FAMILY = "1,2";
				TEST_TARGET_NAME = AisleApp;
			};
			name = Debug;
		};
		39E15B9D2CDA0A85004A7236 /* Release */ = {
			isa = XCBuildConfiguration;
			buildSettings = {
				CODE_SIGN_STYLE = Automatic;
				CURRENT_PROJECT_VERSION = 1;
				DEVELOPMENT_TEAM = H52PV9PJK8;
				GENERATE_INFOPLIST_FILE = YES;
				MARKETING_VERSION = 1.0;
				PRODUCT_BUNDLE_IDENTIFIER = com.Test.App.AisleAppUITests;
				PRODUCT_NAME = "$(TARGET_NAME)";
				SWIFT_EMIT_LOC_STRINGS = NO;
				SWIFT_VERSION = 5.0;
				TARGETED_DEVICE_FAMILY = "1,2";
				TEST_TARGET_NAME = AisleApp;
			};
			name = Release;
		};
/* End XCBuildConfiguration section */

/* Begin XCConfigurationList section */
		39E15B6C2CDA0A81004A7236 /* Build configuration list for PBXProject "AisleApp" */ = {
			isa = XCConfigurationList;
			buildConfigurations = (
				39E15B932CDA0A85004A7236 /* Debug */,
				39E15B942CDA0A85004A7236 /* Release */,
			);
			defaultConfigurationIsVisible = 0;
			defaultConfigurationName = Release;
		};
		39E15B952CDA0A85004A7236 /* Build configuration list for PBXNativeTarget "AisleApp" */ = {
			isa = XCConfigurationList;
			buildConfigurations = (
				39E15B962CDA0A85004A7236 /* Debug */,
				39E15B972CDA0A85004A7236 /* Release */,
			);
			defaultConfigurationIsVisible = 0;
			defaultConfigurationName = Release;
		};
		39E15B982CDA0A85004A7236 /* Build configuration list for PBXNativeTarget "AisleAppTests" */ = {
			isa = XCConfigurationList;
			buildConfigurations = (
				39E15B992CDA0A85004A7236 /* Debug */,
				39E15B9A2CDA0A85004A7236 /* Release */,
			);
			defaultConfigurationIsVisible = 0;
			defaultConfigurationName = Release;
		};
		39E15B9B2CDA0A85004A7236 /* Build configuration list for PBXNativeTarget "AisleAppUITests" */ = {
			isa = XCConfigurationList;
			buildConfigurations = (
				39E15B9C2CDA0A85004A7236 /* Debug */,
				39E15B9D2CDA0A85004A7236 /* Release */,
			);
			defaultConfigurationIsVisible = 0;
			defaultConfigurationName = Release;
		};
/* End XCConfigurationList section */
	};
	rootObject = 39E15B692CDA0A81004A7236 /* Project object */;
}
